
Microsoft Visual Studio Solution File, Format Version 12.00
# Visual Studio Version 17
VisualStudioVersion = 17.2.32519.379
MinimumVisualStudioVersion = 10.0.40219.1
Project("{9A19103F-16F7-4668-BE54-9A1E7A4F7556}") = "CheckoutKata.Tests", "CheckoutKata.Tests\CheckoutKata.Tests.csproj", "{5B80447A-01C3-413C-AA53-3D23AF4A0871}"
EndProject
Project("{9A19103F-16F7-4668-BE54-9A1E7A4F7556}") = "CheckoutKata.Application", "CheckoutKata.Application\CheckoutKata.Application.csproj", "{D871EC6D-B927-4043-A296-FA9C3BF0DEFD}"
EndProject
Project("{FAE04EC0-301F-11D3-BF4B-00C04F79EFBC}") = "CheckoutKata.Web", "CheckoutKata.Web\CheckoutKata.Web.csproj", "{EC77EAA0-3E88-4079-BA5F-F8D06A7A90FD}"
EndProject
Global
	GlobalSection(SolutionConfigurationPlatforms) = preSolution
		Debug|Any CPU = Debug|Any CPU
		Release|Any CPU = Release|Any CPU
	EndGlobalSection
	GlobalSection(ProjectConfigurationPlatforms) = postSolution
		{5B80447A-01C3-413C-AA53-3D23AF4A0871}.Debug|Any CPU.ActiveCfg = Debug|Any CPU
		{5B80447A-01C3-413C-AA53-3D23AF4A0871}.Debug|Any CPU.Build.0 = Debug|Any CPU
		{5B80447A-01C3-413C-AA53-3D23AF4A0871}.Release|Any CPU.ActiveCfg = Release|Any CPU
		{5B80447A-01C3-413C-AA53-3D23AF4A0871}.Release|Any CPU.Build.0 = Release|Any CPU
		{D871EC6D-B927-4043-A296-FA9C3BF0DEFD}.Debug|Any CPU.ActiveCfg = Debug|Any CPU
		{D871EC6D-B927-4043-A296-FA9C3BF0DEFD}.Debug|Any CPU.Build.0 = Debug|Any CPU
		{D871EC6D-B927-4043-A296-FA9C3BF0DEFD}.Release|Any CPU.ActiveCfg = Release|Any CPU
		{D871EC6D-B927-4043-A296-FA9C3BF0DEFD}.Release|Any CPU.Build.0 = Release|Any CPU
		{EC77EAA0-3E88-4079-BA5F-F8D06A7A90FD}.Debug|Any CPU.ActiveCfg = Debug|Any CPU
		{EC77EAA0-3E88-4079-BA5F-F8D06A7A90FD}.Debug|Any CPU.Build.0 = Debug|Any CPU
		{EC77EAA0-3E88-4079-BA5F-F8D06A7A90FD}.Release|Any CPU.ActiveCfg = Release|Any CPU
		{EC77EAA0-3E88-4079-BA5F-F8D06A7A90FD}.Release|Any CPU.Build.0 = Release|Any CPU
	EndGlobalSection
	GlobalSection(SolutionProperties) = preSolution
		HideSolutionNode = FALSE
	EndGlobalSection
	GlobalSection(ExtensibilityGlobals) = postSolution
		SolutionGuid = {95626DC6-2BFE-4FF0-814F-FFED9E068347}
	EndGlobalSection
EndGlobal
